// !$*UTF8*$!
{
	archiveVersion = 1;
	classes = {
	};
	objectVersion = 50;
	objects = {

/* Begin PBXBuildFile section */
		F66CEFF2279BEAED00A73746 /* UILabel.swift in Sources */ = {isa = PBXBuildFile; fileRef = F66CEFF1279BEAED00A73746 /* UILabel.swift */; };
		F6A0D894279B3DB700398D1E /* AppDelegate.swift in Sources */ = {isa = PBXBuildFile; fileRef = F6A0D893279B3DB700398D1E /* AppDelegate.swift */; };
		F6A0D896279B3DB700398D1E /* SceneDelegate.swift in Sources */ = {isa = PBXBuildFile; fileRef = F6A0D895279B3DB700398D1E /* SceneDelegate.swift */; };
		F6A0D898279B3DB700398D1E /* MainViewController.swift in Sources */ = {isa = PBXBuildFile; fileRef = F6A0D897279B3DB700398D1E /* MainViewController.swift */; };
		F6A0D89D279B3DBB00398D1E /* Assets.xcassets in Resources */ = {isa = PBXBuildFile; fileRef = F6A0D89C279B3DBB00398D1E /* Assets.xcassets */; };
		F6A0D8A0279B3DBB00398D1E /* LaunchScreen.storyboard in Resources */ = {isa = PBXBuildFile; fileRef = F6A0D89E279B3DBB00398D1E /* LaunchScreen.storyboard */; };
		F6A0D8B1279B44B700398D1E /* SettingsViewController.swift in Sources */ = {isa = PBXBuildFile; fileRef = F6A0D8B0279B44B700398D1E /* SettingsViewController.swift */; };
		F6A0D8B4279B44DB00398D1E /* DocsViewController.swift in Sources */ = {isa = PBXBuildFile; fileRef = F6A0D8B3279B44DB00398D1E /* DocsViewController.swift */; };
/* End PBXBuildFile section */

/* Begin PBXFileReference section */
		F66CEFF1279BEAED00A73746 /* UILabel.swift */ = {isa = PBXFileReference; lastKnownFileType = sourcecode.swift; path = UILabel.swift; sourceTree = "<group>"; };
		F6A0D890279B3DB700398D1E /* Analoger.app */ = {isa = PBXFileReference; explicitFileType = wrapper.application; includeInIndex = 0; path = Analoger.app; sourceTree = BUILT_PRODUCTS_DIR; };
		F6A0D893279B3DB700398D1E /* AppDelegate.swift */ = {isa = PBXFileReference; lastKnownFileType = sourcecode.swift; path = AppDelegate.swift; sourceTree = "<group>"; };
		F6A0D895279B3DB700398D1E /* SceneDelegate.swift */ = {isa = PBXFileReference; lastKnownFileType = sourcecode.swift; path = SceneDelegate.swift; sourceTree = "<group>"; };
		F6A0D897279B3DB700398D1E /* MainViewController.swift */ = {isa = PBXFileReference; lastKnownFileType = sourcecode.swift; path = MainViewController.swift; sourceTree = "<group>"; };
		F6A0D89C279B3DBB00398D1E /* Assets.xcassets */ = {isa = PBXFileReference; lastKnownFileType = folder.assetcatalog; path = Assets.xcassets; sourceTree = "<group>"; };
		F6A0D89F279B3DBB00398D1E /* Base */ = {isa = PBXFileReference; lastKnownFileType = file.storyboard; name = Base; path = Base.lproj/LaunchScreen.storyboard; sourceTree = "<group>"; };
		F6A0D8A1279B3DBB00398D1E /* Info.plist */ = {isa = PBXFileReference; lastKnownFileType = text.plist.xml; path = Info.plist; sourceTree = "<group>"; };
		F6A0D8B0279B44B700398D1E /* SettingsViewController.swift */ = {isa = PBXFileReference; lastKnownFileType = sourcecode.swift; path = SettingsViewController.swift; sourceTree = "<group>"; };
		F6A0D8B3279B44DB00398D1E /* DocsViewController.swift */ = {isa = PBXFileReference; lastKnownFileType = sourcecode.swift; path = DocsViewController.swift; sourceTree = "<group>"; };
/* End PBXFileReference section */

/* Begin PBXFrameworksBuildPhase section */
		F6A0D88D279B3DB700398D1E /* Frameworks */ = {
			isa = PBXFrameworksBuildPhase;
			buildActionMask = 2147483647;
			files = (
			);
			runOnlyForDeploymentPostprocessing = 0;
		};
/* End PBXFrameworksBuildPhase section */

/* Begin PBXGroup section */
		F66CEFEF279BEACC00A73746 /* Extensions */ = {
			isa = PBXGroup;
			children = (
				F66CEFF0279BEAD100A73746 /* UIKit */,
			);
			path = Extensions;
			sourceTree = "<group>";
		};
		F66CEFF0279BEAD100A73746 /* UIKit */ = {
			isa = PBXGroup;
			children = (
				F66CEFF1279BEAED00A73746 /* UILabel.swift */,
			);
			path = UIKit;
			sourceTree = "<group>";
		};
		F6A0D887279B3DB700398D1E = {
			isa = PBXGroup;
			children = (
				F6A0D892279B3DB700398D1E /* Analoger */,
				F6A0D891279B3DB700398D1E /* Products */,
			);
			sourceTree = "<group>";
		};
		F6A0D891279B3DB700398D1E /* Products */ = {
			isa = PBXGroup;
			children = (
				F6A0D890279B3DB700398D1E /* Analoger.app */,
			);
			name = Products;
			sourceTree = "<group>";
		};
		F6A0D892279B3DB700398D1E /* Analoger */ = {
			isa = PBXGroup;
			children = (
				F6A0D8AE279B3EF100398D1E /* Application */,
				F6A0D8AC279B3EEB00398D1E /* Controllers */,
				F66CEFEF279BEACC00A73746 /* Extensions */,
				F6A0D8A9279B3DE500398D1E /* Resources */,
			);
			path = Analoger;
			sourceTree = "<group>";
		};
		F6A0D8A9279B3DE500398D1E /* Resources */ = {
			isa = PBXGroup;
			children = (
				F6A0D89C279B3DBB00398D1E /* Assets.xcassets */,
				F6A0D89E279B3DBB00398D1E /* LaunchScreen.storyboard */,
				F6A0D8A1279B3DBB00398D1E /* Info.plist */,
			);
			path = Resources;
			sourceTree = "<group>";
		};
		F6A0D8AC279B3EEB00398D1E /* Controllers */ = {
			isa = PBXGroup;
			children = (
				F6A0D897279B3DB700398D1E /* MainViewController.swift */,
				F6A0D8B0279B44B700398D1E /* SettingsViewController.swift */,
				F6A0D8B3279B44DB00398D1E /* DocsViewController.swift */,
			);
			path = Controllers;
			sourceTree = "<group>";
		};
		F6A0D8AE279B3EF100398D1E /* Application */ = {
			isa = PBXGroup;
			children = (
				F6A0D893279B3DB700398D1E /* AppDelegate.swift */,
				F6A0D895279B3DB700398D1E /* SceneDelegate.swift */,
			);
			path = Application;
			sourceTree = "<group>";
		};
/* End PBXGroup section */

/* Begin PBXNativeTarget section */
		F6A0D88F279B3DB700398D1E /* Analoger */ = {
			isa = PBXNativeTarget;
			buildConfigurationList = F6A0D8A4279B3DBB00398D1E /* Build configuration list for PBXNativeTarget "Analoger" */;
			buildPhases = (
				F6A0D88C279B3DB700398D1E /* Sources */,
				F6A0D88D279B3DB700398D1E /* Frameworks */,
				F6A0D88E279B3DB700398D1E /* Resources */,
			);
			buildRules = (
			);
			dependencies = (
			);
			name = Analoger;
			productName = Analoger;
			productReference = F6A0D890279B3DB700398D1E /* Analoger.app */;
			productType = "com.apple.product-type.application";
		};
/* End PBXNativeTarget section */

/* Begin PBXProject section */
		F6A0D888279B3DB700398D1E /* Project object */ = {
			isa = PBXProject;
			attributes = {
				LastSwiftUpdateCheck = 1240;
				LastUpgradeCheck = 1240;
				TargetAttributes = {
					F6A0D88F279B3DB700398D1E = {
						CreatedOnToolsVersion = 12.4;
					};
				};
			};
			buildConfigurationList = F6A0D88B279B3DB700398D1E /* Build configuration list for PBXProject "Analoger" */;
			compatibilityVersion = "Xcode 9.3";
			developmentRegion = en;
			hasScannedForEncodings = 0;
			knownRegions = (
				en,
				Base,
			);
			mainGroup = F6A0D887279B3DB700398D1E;
			productRefGroup = F6A0D891279B3DB700398D1E /* Products */;
			projectDirPath = "";
			projectRoot = "";
			targets = (
				F6A0D88F279B3DB700398D1E /* Analoger */,
			);
		};
/* End PBXProject section */

/* Begin PBXResourcesBuildPhase section */
		F6A0D88E279B3DB700398D1E /* Resources */ = {
			isa = PBXResourcesBuildPhase;
			buildActionMask = 2147483647;
			files = (
				F6A0D8A0279B3DBB00398D1E /* LaunchScreen.storyboard in Resources */,
				F6A0D89D279B3DBB00398D1E /* Assets.xcassets in Resources */,
			);
			runOnlyForDeploymentPostprocessing = 0;
		};
/* End PBXResourcesBuildPhase section */

/* Begin PBXSourcesBuildPhase section */
		F6A0D88C279B3DB700398D1E /* Sources */ = {
			isa = PBXSourcesBuildPhase;
			buildActionMask = 2147483647;
			files = (
				F6A0D8B4279B44DB00398D1E /* DocsViewController.swift in Sources */,
				F6A0D898279B3DB700398D1E /* MainViewController.swift in Sources */,
				F6A0D894279B3DB700398D1E /* AppDelegate.swift in Sources */,
				F6A0D896279B3DB700398D1E /* SceneDelegate.swift in Sources */,
				F66CEFF2279BEAED00A73746 /* UILabel.swift in Sources */,
				F6A0D8B1279B44B700398D1E /* SettingsViewController.swift in Sources */,
			);
			runOnlyForDeploymentPostprocessing = 0;
		};
/* End PBXSourcesBuildPhase section */

/* Begin PBXVariantGroup section */
		F6A0D89E279B3DBB00398D1E /* LaunchScreen.storyboard */ = {
			isa = PBXVariantGroup;
			children = (
				F6A0D89F279B3DBB00398D1E /* Base */,
			);
			name = LaunchScreen.storyboard;
			sourceTree = "<group>";
		};
/* End PBXVariantGroup section */

/* Begin XCBuildConfiguration section */
		F6A0D8A2279B3DBB00398D1E /* Debug */ = {
			isa = XCBuildConfiguration;
			buildSettings = {
				ALWAYS_SEARCH_USER_PATHS = NO;
				CLANG_ANALYZER_NONNULL = YES;
				CLANG_ANALYZER_NUMBER_OBJECT_CONVERSION = YES_AGGRESSIVE;
				CLANG_CXX_LANGUAGE_STANDARD = "gnu++14";
				CLANG_CXX_LIBRARY = "libc++";
				CLANG_ENABLE_MODULES = YES;
				CLANG_ENABLE_OBJC_ARC = YES;
				CLANG_ENABLE_OBJC_WEAK = YES;
				CLANG_WARN_BLOCK_CAPTURE_AUTORELEASING = YES;
				CLANG_WARN_BOOL_CONVERSION = YES;
				CLANG_WARN_COMMA = YES;
				CLANG_WARN_CONSTANT_CONVERSION = YES;
				CLANG_WARN_DEPRECATED_OBJC_IMPLEMENTATIONS = YES;
				CLANG_WARN_DIRECT_OBJC_ISA_USAGE = YES_ERROR;
				CLANG_WARN_DOCUMENTATION_COMMENTS = YES;
				CLANG_WARN_EMPTY_BODY = YES;
				CLANG_WARN_ENUM_CONVERSION = YES;
				CLANG_WARN_INFINITE_RECURSION = YES;
				CLANG_WARN_INT_CONVERSION = YES;
				CLANG_WARN_NON_LITERAL_NULL_CONVERSION = YES;
				CLANG_WARN_OBJC_IMPLICIT_RETAIN_SELF = YES;
				CLANG_WARN_OBJC_LITERAL_CONVERSION = YES;
				CLANG_WARN_OBJC_ROOT_CLASS = YES_ERROR;
				CLANG_WARN_QUOTED_INCLUDE_IN_FRAMEWORK_HEADER = YES;
				CLANG_WARN_RANGE_LOOP_ANALYSIS = YES;
				CLANG_WARN_STRICT_PROTOTYPES = YES;
				CLANG_WARN_SUSPICIOUS_MOVE = YES;
				CLANG_WARN_UNGUARDED_AVAILABILITY = YES_AGGRESSIVE;
				CLANG_WARN_UNREACHABLE_CODE = YES;
				CLANG_WARN__DUPLICATE_METHOD_MATCH = YES;
				COPY_PHASE_STRIP = NO;
				DEBUG_INFORMATION_FORMAT = dwarf;
				ENABLE_STRICT_OBJC_MSGSEND = YES;
				ENABLE_TESTABILITY = YES;
				GCC_C_LANGUAGE_STANDARD = gnu11;
				GCC_DYNAMIC_NO_PIC = NO;
				GCC_NO_COMMON_BLOCKS = YES;
				GCC_OPTIMIZATION_LEVEL = 0;
				GCC_PREPROCESSOR_DEFINITIONS = (
					"DEBUG=1",
					"$(inherited)",
				);
				GCC_WARN_64_TO_32_BIT_CONVERSION = YES;
				GCC_WARN_ABOUT_RETURN_TYPE = YES_ERROR;
				GCC_WARN_UNDECLARED_SELECTOR = YES;
				GCC_WARN_UNINITIALIZED_AUTOS = YES_AGGRESSIVE;
				GCC_WARN_UNUSED_FUNCTION = YES;
				GCC_WARN_UNUSED_VARIABLE = YES;
				IPHONEOS_DEPLOYMENT_TARGET = 13.0;
				MTL_ENABLE_DEBUG_INFO = INCLUDE_SOURCE;
				MTL_FAST_MATH = YES;
				ONLY_ACTIVE_ARCH = YES;
				SDKROOT = iphoneos;
				SWIFT_ACTIVE_COMPILATION_CONDITIONS = DEBUG;
				SWIFT_OPTIMIZATION_LEVEL = "-Onone";
			};
			name = Debug;
		};
		F6A0D8A3279B3DBB00398D1E /* Release */ = {
			isa = XCBuildConfiguration;
			buildSettings = {
				ALWAYS_SEARCH_USER_PATHS = NO;
				CLANG_ANALYZER_NONNULL = YES;
				CLANG_ANALYZER_NUMBER_OBJECT_CONVERSION = YES_AGGRESSIVE;
				CLANG_CXX_LANGUAGE_STANDARD = "gnu++14";
				CLANG_CXX_LIBRARY = "libc++";
				CLANG_ENABLE_MODULES = YES;
				CLANG_ENABLE_OBJC_ARC = YES;
				CLANG_ENABLE_OBJC_WEAK = YES;
				CLANG_WARN_BLOCK_CAPTURE_AUTORELEASING = YES;
				CLANG_WARN_BOOL_CONVERSION = YES;
				CLANG_WARN_COMMA = YES;
				CLANG_WARN_CONSTANT_CONVERSION = YES;
				CLANG_WARN_DEPRECATED_OBJC_IMPLEMENTATIONS = YES;
				CLANG_WARN_DIRECT_OBJC_ISA_USAGE = YES_ERROR;
				CLANG_WARN_DOCUMENTATION_COMMENTS = YES;
				CLANG_WARN_EMPTY_BODY = YES;
				CLANG_WARN_ENUM_CONVERSION = YES;
				CLANG_WARN_INFINITE_RECURSION = YES;
				CLANG_WARN_INT_CONVERSION = YES;
				CLANG_WARN_NON_LITERAL_NULL_CONVERSION = YES;
				CLANG_WARN_OBJC_IMPLICIT_RETAIN_SELF = YES;
				CLANG_WARN_OBJC_LITERAL_CONVERSION = YES;
				CLANG_WARN_OBJC_ROOT_CLASS = YES_ERROR;
				CLANG_WARN_QUOTED_INCLUDE_IN_FRAMEWORK_HEADER = YES;
				CLANG_WARN_RANGE_LOOP_ANALYSIS = YES;
				CLANG_WARN_STRICT_PROTOTYPES = YES;
				CLANG_WARN_SUSPICIOUS_MOVE = YES;
				CLANG_WARN_UNGUARDED_AVAILABILITY = YES_AGGRESSIVE;
				CLANG_WARN_UNREACHABLE_CODE = YES;
				CLANG_WARN__DUPLICATE_METHOD_MATCH = YES;
				COPY_PHASE_STRIP = NO;
				DEBUG_INFORMATION_FORMAT = "dwarf-with-dsym";
				ENABLE_NS_ASSERTIONS = NO;
				ENABLE_STRICT_OBJC_MSGSEND = YES;
				GCC_C_LANGUAGE_STANDARD = gnu11;
				GCC_NO_COMMON_BLOCKS = YES;
				GCC_WARN_64_TO_32_BIT_CONVERSION = YES;
				GCC_WARN_ABOUT_RETURN_TYPE = YES_ERROR;
				GCC_WARN_UNDECLARED_SELECTOR = YES;
				GCC_WARN_UNINITIALIZED_AUTOS = YES_AGGRESSIVE;
				GCC_WARN_UNUSED_FUNCTION = YES;
				GCC_WARN_UNUSED_VARIABLE = YES;
				IPHONEOS_DEPLOYMENT_TARGET = 13.0;
				MTL_ENABLE_DEBUG_INFO = NO;
				MTL_FAST_MATH = YES;
				SDKROOT = iphoneos;
				SWIFT_COMPILATION_MODE = wholemodule;
				SWIFT_OPTIMIZATION_LEVEL = "-O";
				VALIDATE_PRODUCT = YES;
			};
			name = Release;
		};
		F6A0D8A5279B3DBB00398D1E /* Debug */ = {
			isa = XCBuildConfiguration;
			buildSettings = {
				ASSETCATALOG_COMPILER_APPICON_NAME = AppIcon;
				ASSETCATALOG_COMPILER_GLOBAL_ACCENT_COLOR_NAME = AccentColor;
				CODE_SIGN_STYLE = Automatic;
				DEVELOPMENT_TEAM = H8V3Y2JKY7;
				INFOPLIST_FILE = Analoger/Resources/Info.plist;
				IPHONEOS_DEPLOYMENT_TARGET = 13.0;
				LD_RUNPATH_SEARCH_PATHS = (
					"$(inherited)",
					"@executable_path/Frameworks",
				);
				PRODUCT_BUNDLE_IDENTIFIER = com.example.Analoger;
				PRODUCT_NAME = "$(TARGET_NAME)";
				SWIFT_VERSION = 5.0;
				TARGETED_DEVICE_FAMILY = "1,2";
			};
			name = Debug;
		};
		F6A0D8A6279B3DBB00398D1E /* Release */ = {
			isa = XCBuildConfiguration;
			buildSettings = {
				ASSETCATALOG_COMPILER_APPICON_NAME = AppIcon;
				ASSETCATALOG_COMPILER_GLOBAL_ACCENT_COLOR_NAME = AccentColor;
				CODE_SIGN_STYLE = Automatic;
				DEVELOPMENT_TEAM = H8V3Y2JKY7;
				INFOPLIST_FILE = Analoger/Resources/Info.plist;
				IPHONEOS_DEPLOYMENT_TARGET = 13.0;
				LD_RUNPATH_SEARCH_PATHS = (
					"$(inherited)",
					"@executable_path/Frameworks",
				);
				PRODUCT_BUNDLE_IDENTIFIER = com.example.Analoger;
				PRODUCT_NAME = "$(TARGET_NAME)";
				SWIFT_VERSION = 5.0;
				TARGETED_DEVICE_FAMILY = "1,2";
			};
			name = Release;
		};
/* End XCBuildConfiguration section */

/* Begin XCConfigurationList section */
		F6A0D88B279B3DB700398D1E /* Build configuration list for PBXProject "Analoger" */ = {
			isa = XCConfigurationList;
			buildConfigurations = (
				F6A0D8A2279B3DBB00398D1E /* Debug */,
				F6A0D8A3279B3DBB00398D1E /* Release */,
			);
			defaultConfigurationIsVisible = 0;
			defaultConfigurationName = Release;
		};
		F6A0D8A4279B3DBB00398D1E /* Build configuration list for PBXNativeTarget "Analoger" */ = {
			isa = XCConfigurationList;
			buildConfigurations = (
				F6A0D8A5279B3DBB00398D1E /* Debug */,
				F6A0D8A6279B3DBB00398D1E /* Release */,
			);
			defaultConfigurationIsVisible = 0;
			defaultConfigurationName = Release;
		};
/* End XCConfigurationList section */
	};
	rootObject = F6A0D888279B3DB700398D1E /* Project object */;
}
